
Microsoft Visual Studio Solution File, Format Version 12.00
# Visual Studio 15
VisualStudioVersion = 15.0.28010.2041
MinimumVisualStudioVersion = 10.0.40219.1
Project("{FAE04EC0-301F-11D3-BF4B-00C04F79EFBC}") = "Koryagin_Windows_Forms", "Koryagin_Windows_Forms\Koryagin_Windows_Forms.csproj", "{77EC7A55-65B4-49B8-BCDB-6CAE3BF58781}"
EndProject
Global
	GlobalSection(SolutionConfigurationPlatforms) = preSolution
		Debug|Any CPU = Debug|Any CPU
		Release|Any CPU = Release|Any CPU
	EndGlobalSection
	GlobalSection(ProjectConfigurationPlatforms) = postSolution
		{77EC7A55-65B4-49B8-BCDB-6CAE3BF58781}.Debug|Any CPU.ActiveCfg = Debug|Any CPU
		{77EC7A55-65B4-49B8-BCDB-6CAE3BF58781}.Debug|Any CPU.Build.0 = Debug|Any CPU
		{77EC7A55-65B4-49B8-BCDB-6CAE3BF58781}.Release|Any CPU.ActiveCfg = Release|Any CPU
		{77EC7A55-65B4-49B8-BCDB-6CAE3BF58781}.Release|Any CPU.Build.0 = Release|Any CPU
	EndGlobalSection
	GlobalSection(SolutionProperties) = preSolution
		HideSolutionNode = FALSE
	EndGlobalSection
	GlobalSection(ExtensibilityGlobals) = postSolution
		SolutionGuid = {DEAC5B54-C605-4AC1-A1AC-D9D647E36227}
	EndGlobalSection
EndGlobal
